// !$*UTF8*$!
{
	archiveVersion = 1;
	classes = {
	};
	objectVersion = 55;
	objects = {

/* Begin PBXBuildFile section */
		822C5F5128CA2C3E005F0372 /* MarvelCharactersSwiftUIApp.swift in Sources */ = {isa = PBXBuildFile; fileRef = 822C5F5028CA2C3E005F0372 /* MarvelCharactersSwiftUIApp.swift */; };
		822C5F5328CA2C3E005F0372 /* ContentView.swift in Sources */ = {isa = PBXBuildFile; fileRef = 822C5F5228CA2C3E005F0372 /* ContentView.swift */; };
		822C5F5528CA2C3E005F0372 /* Assets.xcassets in Resources */ = {isa = PBXBuildFile; fileRef = 822C5F5428CA2C3E005F0372 /* Assets.xcassets */; };
		822C5F5828CA2C3E005F0372 /* Preview Assets.xcassets in Resources */ = {isa = PBXBuildFile; fileRef = 822C5F5728CA2C3E005F0372 /* Preview Assets.xcassets */; };
		822C5F6228CA2C3F005F0372 /* MarvelCharactersSwiftUITests.swift in Sources */ = {isa = PBXBuildFile; fileRef = 822C5F6128CA2C3F005F0372 /* MarvelCharactersSwiftUITests.swift */; };
		822C5F6C28CA2C3F005F0372 /* MarvelCharactersSwiftUIUITests.swift in Sources */ = {isa = PBXBuildFile; fileRef = 822C5F6B28CA2C3F005F0372 /* MarvelCharactersSwiftUIUITests.swift */; };
		822C5F6E28CA2C3F005F0372 /* MarvelCharactersSwiftUIUITestsLaunchTests.swift in Sources */ = {isa = PBXBuildFile; fileRef = 822C5F6D28CA2C3F005F0372 /* MarvelCharactersSwiftUIUITestsLaunchTests.swift */; };
		822C5F7C28CA2DA6005F0372 /* BaseNetwork.swift in Sources */ = {isa = PBXBuildFile; fileRef = 822C5F7B28CA2DA6005F0372 /* BaseNetwork.swift */; };
		822C5F8E28CA31CE005F0372 /* CharactersViewModel.swift in Sources */ = {isa = PBXBuildFile; fileRef = 822C5F8128CA31CE005F0372 /* CharactersViewModel.swift */; };
		822C5F8F28CA31CE005F0372 /* SeriesViewModel.swift in Sources */ = {isa = PBXBuildFile; fileRef = 822C5F8228CA31CE005F0372 /* SeriesViewModel.swift */; };
		822C5F9028CA31CE005F0372 /* ImageViewModel.swift in Sources */ = {isa = PBXBuildFile; fileRef = 822C5F8328CA31CE005F0372 /* ImageViewModel.swift */; };
		822C5F9128CA31CE005F0372 /* SeriesDetailView.swift in Sources */ = {isa = PBXBuildFile; fileRef = 822C5F8628CA31CE005F0372 /* SeriesDetailView.swift */; };
		822C5F9228CA31CE005F0372 /* SeriesRowView.swift in Sources */ = {isa = PBXBuildFile; fileRef = 822C5F8728CA31CE005F0372 /* SeriesRowView.swift */; };
		822C5F9328CA31CE005F0372 /* RootView.swift in Sources */ = {isa = PBXBuildFile; fileRef = 822C5F8828CA31CE005F0372 /* RootView.swift */; };
		822C5F9428CA31CE005F0372 /* CharactersView.swift in Sources */ = {isa = PBXBuildFile; fileRef = 822C5F8A28CA31CE005F0372 /* CharactersView.swift */; };
		822C5F9528CA31CE005F0372 /* CharacterRowView.swift in Sources */ = {isa = PBXBuildFile; fileRef = 822C5F8B28CA31CE005F0372 /* CharacterRowView.swift */; };
		822C5F9628CA31CE005F0372 /* LoadingView.swift in Sources */ = {isa = PBXBuildFile; fileRef = 822C5F8C28CA31CE005F0372 /* LoadingView.swift */; };
		822C5F9728CA31CE005F0372 /* ErrorView.swift in Sources */ = {isa = PBXBuildFile; fileRef = 822C5F8D28CA31CE005F0372 /* ErrorView.swift */; };
		822C5F9C28CA31F1005F0372 /* StatusModel.swift in Sources */ = {isa = PBXBuildFile; fileRef = 822C5F9A28CA31F1005F0372 /* StatusModel.swift */; };
		822C5F9D28CA31F1005F0372 /* MarvelModel.swift in Sources */ = {isa = PBXBuildFile; fileRef = 822C5F9B28CA31F1005F0372 /* MarvelModel.swift */; };
		827091E128CF4D2700F0A908 /* Kingfisher in Frameworks */ = {isa = PBXBuildFile; productRef = 827091E028CF4D2700F0A908 /* Kingfisher */; };
/* End PBXBuildFile section */

/* Begin PBXContainerItemProxy section */
		822C5F5E28CA2C3F005F0372 /* PBXContainerItemProxy */ = {
			isa = PBXContainerItemProxy;
			containerPortal = 822C5F4528CA2C3E005F0372 /* Project object */;
			proxyType = 1;
			remoteGlobalIDString = 822C5F4C28CA2C3E005F0372;
			remoteInfo = MarvelCharactersSwiftUI;
		};
		822C5F6828CA2C3F005F0372 /* PBXContainerItemProxy */ = {
			isa = PBXContainerItemProxy;
			containerPortal = 822C5F4528CA2C3E005F0372 /* Project object */;
			proxyType = 1;
			remoteGlobalIDString = 822C5F4C28CA2C3E005F0372;
			remoteInfo = MarvelCharactersSwiftUI;
		};
/* End PBXContainerItemProxy section */

/* Begin PBXFileReference section */
		822C5F4D28CA2C3E005F0372 /* MarvelCharactersSwiftUI.app */ = {isa = PBXFileReference; explicitFileType = wrapper.application; includeInIndex = 0; path = MarvelCharactersSwiftUI.app; sourceTree = BUILT_PRODUCTS_DIR; };
		822C5F5028CA2C3E005F0372 /* MarvelCharactersSwiftUIApp.swift */ = {isa = PBXFileReference; lastKnownFileType = sourcecode.swift; path = MarvelCharactersSwiftUIApp.swift; sourceTree = "<group>"; };
		822C5F5228CA2C3E005F0372 /* ContentView.swift */ = {isa = PBXFileReference; lastKnownFileType = sourcecode.swift; path = ContentView.swift; sourceTree = "<group>"; };
		822C5F5428CA2C3E005F0372 /* Assets.xcassets */ = {isa = PBXFileReference; lastKnownFileType = folder.assetcatalog; path = Assets.xcassets; sourceTree = "<group>"; };
		822C5F5728CA2C3E005F0372 /* Preview Assets.xcassets */ = {isa = PBXFileReference; lastKnownFileType = folder.assetcatalog; path = "Preview Assets.xcassets"; sourceTree = "<group>"; };
		822C5F5D28CA2C3F005F0372 /* MarvelCharactersSwiftUITests.xctest */ = {isa = PBXFileReference; explicitFileType = wrapper.cfbundle; includeInIndex = 0; path = MarvelCharactersSwiftUITests.xctest; sourceTree = BUILT_PRODUCTS_DIR; };
		822C5F6128CA2C3F005F0372 /* MarvelCharactersSwiftUITests.swift */ = {isa = PBXFileReference; lastKnownFileType = sourcecode.swift; path = MarvelCharactersSwiftUITests.swift; sourceTree = "<group>"; };
		822C5F6728CA2C3F005F0372 /* MarvelCharactersSwiftUIUITests.xctest */ = {isa = PBXFileReference; explicitFileType = wrapper.cfbundle; includeInIndex = 0; path = MarvelCharactersSwiftUIUITests.xctest; sourceTree = BUILT_PRODUCTS_DIR; };
		822C5F6B28CA2C3F005F0372 /* MarvelCharactersSwiftUIUITests.swift */ = {isa = PBXFileReference; lastKnownFileType = sourcecode.swift; path = MarvelCharactersSwiftUIUITests.swift; sourceTree = "<group>"; };
		822C5F6D28CA2C3F005F0372 /* MarvelCharactersSwiftUIUITestsLaunchTests.swift */ = {isa = PBXFileReference; lastKnownFileType = sourcecode.swift; path = MarvelCharactersSwiftUIUITestsLaunchTests.swift; sourceTree = "<group>"; };
		822C5F7B28CA2DA6005F0372 /* BaseNetwork.swift */ = {isa = PBXFileReference; lastKnownFileType = sourcecode.swift; path = BaseNetwork.swift; sourceTree = "<group>"; };
		822C5F8128CA31CE005F0372 /* CharactersViewModel.swift */ = {isa = PBXFileReference; fileEncoding = 4; lastKnownFileType = sourcecode.swift; path = CharactersViewModel.swift; sourceTree = "<group>"; };
		822C5F8228CA31CE005F0372 /* SeriesViewModel.swift */ = {isa = PBXFileReference; fileEncoding = 4; lastKnownFileType = sourcecode.swift; path = SeriesViewModel.swift; sourceTree = "<group>"; };
		822C5F8328CA31CE005F0372 /* ImageViewModel.swift */ = {isa = PBXFileReference; fileEncoding = 4; lastKnownFileType = sourcecode.swift; path = ImageViewModel.swift; sourceTree = "<group>"; };
		822C5F8628CA31CE005F0372 /* SeriesDetailView.swift */ = {isa = PBXFileReference; fileEncoding = 4; lastKnownFileType = sourcecode.swift; path = SeriesDetailView.swift; sourceTree = "<group>"; };
		822C5F8728CA31CE005F0372 /* SeriesRowView.swift */ = {isa = PBXFileReference; fileEncoding = 4; lastKnownFileType = sourcecode.swift; path = SeriesRowView.swift; sourceTree = "<group>"; };
		822C5F8828CA31CE005F0372 /* RootView.swift */ = {isa = PBXFileReference; fileEncoding = 4; lastKnownFileType = sourcecode.swift; path = RootView.swift; sourceTree = "<group>"; };
		822C5F8A28CA31CE005F0372 /* CharactersView.swift */ = {isa = PBXFileReference; fileEncoding = 4; lastKnownFileType = sourcecode.swift; path = CharactersView.swift; sourceTree = "<group>"; };
		822C5F8B28CA31CE005F0372 /* CharacterRowView.swift */ = {isa = PBXFileReference; fileEncoding = 4; lastKnownFileType = sourcecode.swift; path = CharacterRowView.swift; sourceTree = "<group>"; };
		822C5F8C28CA31CE005F0372 /* LoadingView.swift */ = {isa = PBXFileReference; fileEncoding = 4; lastKnownFileType = sourcecode.swift; path = LoadingView.swift; sourceTree = "<group>"; };
		822C5F8D28CA31CE005F0372 /* ErrorView.swift */ = {isa = PBXFileReference; fileEncoding = 4; lastKnownFileType = sourcecode.swift; path = ErrorView.swift; sourceTree = "<group>"; };
		822C5F9A28CA31F1005F0372 /* StatusModel.swift */ = {isa = PBXFileReference; fileEncoding = 4; lastKnownFileType = sourcecode.swift; path = StatusModel.swift; sourceTree = "<group>"; };
		822C5F9B28CA31F1005F0372 /* MarvelModel.swift */ = {isa = PBXFileReference; fileEncoding = 4; lastKnownFileType = sourcecode.swift; path = MarvelModel.swift; sourceTree = "<group>"; };
		823F271728CDDFEE00BADE48 /* Info.plist */ = {isa = PBXFileReference; lastKnownFileType = text.plist; path = Info.plist; sourceTree = "<group>"; };
/* End PBXFileReference section */

/* Begin PBXFrameworksBuildPhase section */
		822C5F4A28CA2C3E005F0372 /* Frameworks */ = {
			isa = PBXFrameworksBuildPhase;
			buildActionMask = 2147483647;
			files = (
				827091E128CF4D2700F0A908 /* Kingfisher in Frameworks */,
			);
			runOnlyForDeploymentPostprocessing = 0;
		};
		822C5F5A28CA2C3F005F0372 /* Frameworks */ = {
			isa = PBXFrameworksBuildPhase;
			buildActionMask = 2147483647;
			files = (
			);
			runOnlyForDeploymentPostprocessing = 0;
		};
		822C5F6428CA2C3F005F0372 /* Frameworks */ = {
			isa = PBXFrameworksBuildPhase;
			buildActionMask = 2147483647;
			files = (
			);
			runOnlyForDeploymentPostprocessing = 0;
		};
/* End PBXFrameworksBuildPhase section */

/* Begin PBXGroup section */
		822C5F4428CA2C3E005F0372 = {
			isa = PBXGroup;
			children = (
				822C5F4F28CA2C3E005F0372 /* MarvelCharactersSwiftUI */,
				822C5F6028CA2C3F005F0372 /* MarvelCharactersSwiftUITests */,
				822C5F6A28CA2C3F005F0372 /* MarvelCharactersSwiftUIUITests */,
				822C5F4E28CA2C3E005F0372 /* Products */,
			);
			sourceTree = "<group>";
		};
		822C5F4E28CA2C3E005F0372 /* Products */ = {
			isa = PBXGroup;
			children = (
				822C5F4D28CA2C3E005F0372 /* MarvelCharactersSwiftUI.app */,
				822C5F5D28CA2C3F005F0372 /* MarvelCharactersSwiftUITests.xctest */,
				822C5F6728CA2C3F005F0372 /* MarvelCharactersSwiftUIUITests.xctest */,
			);
			name = Products;
			sourceTree = "<group>";
		};
		822C5F4F28CA2C3E005F0372 /* MarvelCharactersSwiftUI */ = {
			isa = PBXGroup;
			children = (
				823F271728CDDFEE00BADE48 /* Info.plist */,
				822C5F9828CA31F1005F0372 /* Domain */,
				822C5F7F28CA31CE005F0372 /* Presentation */,
				822C5F7D28CA318E005F0372 /* Data */,
				822C5F5028CA2C3E005F0372 /* MarvelCharactersSwiftUIApp.swift */,
				822C5F5228CA2C3E005F0372 /* ContentView.swift */,
				822C5F5428CA2C3E005F0372 /* Assets.xcassets */,
				822C5F5628CA2C3E005F0372 /* Preview Content */,
			);
			path = MarvelCharactersSwiftUI;
			sourceTree = "<group>";
		};
		822C5F5628CA2C3E005F0372 /* Preview Content */ = {
			isa = PBXGroup;
			children = (
				822C5F5728CA2C3E005F0372 /* Preview Assets.xcassets */,
			);
			path = "Preview Content";
			sourceTree = "<group>";
		};
		822C5F6028CA2C3F005F0372 /* MarvelCharactersSwiftUITests */ = {
			isa = PBXGroup;
			children = (
				822C5F6128CA2C3F005F0372 /* MarvelCharactersSwiftUITests.swift */,
			);
			path = MarvelCharactersSwiftUITests;
			sourceTree = "<group>";
		};
		822C5F6A28CA2C3F005F0372 /* MarvelCharactersSwiftUIUITests */ = {
			isa = PBXGroup;
			children = (
				822C5F6B28CA2C3F005F0372 /* MarvelCharactersSwiftUIUITests.swift */,
				822C5F6D28CA2C3F005F0372 /* MarvelCharactersSwiftUIUITestsLaunchTests.swift */,
			);
			path = MarvelCharactersSwiftUIUITests;
			sourceTree = "<group>";
		};
		822C5F7D28CA318E005F0372 /* Data */ = {
			isa = PBXGroup;
			children = (
				822C5F7E28CA319C005F0372 /* Services */,
			);
			path = Data;
			sourceTree = "<group>";
		};
		822C5F7E28CA319C005F0372 /* Services */ = {
			isa = PBXGroup;
			children = (
				822C5F7B28CA2DA6005F0372 /* BaseNetwork.swift */,
			);
			path = Services;
			sourceTree = "<group>";
		};
		822C5F7F28CA31CE005F0372 /* Presentation */ = {
			isa = PBXGroup;
			children = (
				822C5F8028CA31CE005F0372 /* ViewModels */,
				822C5F8428CA31CE005F0372 /* Views */,
			);
			path = Presentation;
			sourceTree = "<group>";
		};
		822C5F8028CA31CE005F0372 /* ViewModels */ = {
			isa = PBXGroup;
			children = (
				822C5F8128CA31CE005F0372 /* CharactersViewModel.swift */,
				822C5F8228CA31CE005F0372 /* SeriesViewModel.swift */,
				822C5F8328CA31CE005F0372 /* ImageViewModel.swift */,
			);
			path = ViewModels;
			sourceTree = "<group>";
		};
		822C5F8428CA31CE005F0372 /* Views */ = {
			isa = PBXGroup;
			children = (
				822C5F8528CA31CE005F0372 /* Series */,
				822C5F8828CA31CE005F0372 /* RootView.swift */,
				822C5F8928CA31CE005F0372 /* Characters */,
				822C5F8C28CA31CE005F0372 /* LoadingView.swift */,
				822C5F8D28CA31CE005F0372 /* ErrorView.swift */,
			);
			path = Views;
			sourceTree = "<group>";
		};
		822C5F8528CA31CE005F0372 /* Series */ = {
			isa = PBXGroup;
			children = (
				822C5F8628CA31CE005F0372 /* SeriesDetailView.swift */,
				822C5F8728CA31CE005F0372 /* SeriesRowView.swift */,
			);
			path = Series;
			sourceTree = "<group>";
		};
		822C5F8928CA31CE005F0372 /* Characters */ = {
			isa = PBXGroup;
			children = (
				822C5F8A28CA31CE005F0372 /* CharactersView.swift */,
				822C5F8B28CA31CE005F0372 /* CharacterRowView.swift */,
			);
			path = Characters;
			sourceTree = "<group>";
		};
		822C5F9828CA31F1005F0372 /* Domain */ = {
			isa = PBXGroup;
			children = (
				822C5F9928CA31F1005F0372 /* Models */,
			);
			path = Domain;
			sourceTree = "<group>";
		};
		822C5F9928CA31F1005F0372 /* Models */ = {
			isa = PBXGroup;
			children = (
				822C5F9A28CA31F1005F0372 /* StatusModel.swift */,
				822C5F9B28CA31F1005F0372 /* MarvelModel.swift */,
			);
			path = Models;
			sourceTree = "<group>";
		};
/* End PBXGroup section */

/* Begin PBXNativeTarget section */
		822C5F4C28CA2C3E005F0372 /* MarvelCharactersSwiftUI */ = {
			isa = PBXNativeTarget;
			buildConfigurationList = 822C5F7128CA2C3F005F0372 /* Build configuration list for PBXNativeTarget "MarvelCharactersSwiftUI" */;
			buildPhases = (
				822C5F4928CA2C3E005F0372 /* Sources */,
				822C5F4A28CA2C3E005F0372 /* Frameworks */,
				822C5F4B28CA2C3E005F0372 /* Resources */,
			);
			buildRules = (
			);
			dependencies = (
			);
			name = MarvelCharactersSwiftUI;
			packageProductDependencies = (
				827091E028CF4D2700F0A908 /* Kingfisher */,
			);
			productName = MarvelCharactersSwiftUI;
			productReference = 822C5F4D28CA2C3E005F0372 /* MarvelCharactersSwiftUI.app */;
			productType = "com.apple.product-type.application";
		};
		822C5F5C28CA2C3F005F0372 /* MarvelCharactersSwiftUITests */ = {
			isa = PBXNativeTarget;
			buildConfigurationList = 822C5F7428CA2C3F005F0372 /* Build configuration list for PBXNativeTarget "MarvelCharactersSwiftUITests" */;
			buildPhases = (
				822C5F5928CA2C3F005F0372 /* Sources */,
				822C5F5A28CA2C3F005F0372 /* Frameworks */,
				822C5F5B28CA2C3F005F0372 /* Resources */,
			);
			buildRules = (
			);
			dependencies = (
				822C5F5F28CA2C3F005F0372 /* PBXTargetDependency */,
			);
			name = MarvelCharactersSwiftUITests;
			productName = MarvelCharactersSwiftUITests;
			productReference = 822C5F5D28CA2C3F005F0372 /* MarvelCharactersSwiftUITests.xctest */;
			productType = "com.apple.product-type.bundle.unit-test";
		};
		822C5F6628CA2C3F005F0372 /* MarvelCharactersSwiftUIUITests */ = {
			isa = PBXNativeTarget;
			buildConfigurationList = 822C5F7728CA2C3F005F0372 /* Build configuration list for PBXNativeTarget "MarvelCharactersSwiftUIUITests" */;
			buildPhases = (
				822C5F6328CA2C3F005F0372 /* Sources */,
				822C5F6428CA2C3F005F0372 /* Frameworks */,
				822C5F6528CA2C3F005F0372 /* Resources */,
			);
			buildRules = (
			);
			dependencies = (
				822C5F6928CA2C3F005F0372 /* PBXTargetDependency */,
			);
			name = MarvelCharactersSwiftUIUITests;
			productName = MarvelCharactersSwiftUIUITests;
			productReference = 822C5F6728CA2C3F005F0372 /* MarvelCharactersSwiftUIUITests.xctest */;
			productType = "com.apple.product-type.bundle.ui-testing";
		};
/* End PBXNativeTarget section */

/* Begin PBXProject section */
		822C5F4528CA2C3E005F0372 /* Project object */ = {
			isa = PBXProject;
			attributes = {
				BuildIndependentTargetsInParallel = 1;
				LastSwiftUpdateCheck = 1340;
				LastUpgradeCheck = 1340;
				TargetAttributes = {
					822C5F4C28CA2C3E005F0372 = {
						CreatedOnToolsVersion = 13.4.1;
					};
					822C5F5C28CA2C3F005F0372 = {
						CreatedOnToolsVersion = 13.4.1;
						TestTargetID = 822C5F4C28CA2C3E005F0372;
					};
					822C5F6628CA2C3F005F0372 = {
						CreatedOnToolsVersion = 13.4.1;
						TestTargetID = 822C5F4C28CA2C3E005F0372;
					};
				};
			};
			buildConfigurationList = 822C5F4828CA2C3E005F0372 /* Build configuration list for PBXProject "MarvelCharactersSwiftUI" */;
			compatibilityVersion = "Xcode 13.0";
			developmentRegion = en;
			hasScannedForEncodings = 0;
			knownRegions = (
				en,
				Base,
			);
			mainGroup = 822C5F4428CA2C3E005F0372;
			packageReferences = (
				827091DF28CF4D2700F0A908 /* XCRemoteSwiftPackageReference "Kingfisher" */,
			);
			productRefGroup = 822C5F4E28CA2C3E005F0372 /* Products */;
			projectDirPath = "";
			projectRoot = "";
			targets = (
				822C5F4C28CA2C3E005F0372 /* MarvelCharactersSwiftUI */,
				822C5F5C28CA2C3F005F0372 /* MarvelCharactersSwiftUITests */,
				822C5F6628CA2C3F005F0372 /* MarvelCharactersSwiftUIUITests */,
			);
		};
/* End PBXProject section */

/* Begin PBXResourcesBuildPhase section */
		822C5F4B28CA2C3E005F0372 /* Resources */ = {
			isa = PBXResourcesBuildPhase;
			buildActionMask = 2147483647;
			files = (
				822C5F5828CA2C3E005F0372 /* Preview Assets.xcassets in Resources */,
				822C5F5528CA2C3E005F0372 /* Assets.xcassets in Resources */,
			);
			runOnlyForDeploymentPostprocessing = 0;
		};
		822C5F5B28CA2C3F005F0372 /* Resources */ = {
			isa = PBXResourcesBuildPhase;
			buildActionMask = 2147483647;
			files = (
			);
			runOnlyForDeploymentPostprocessing = 0;
		};
		822C5F6528CA2C3F005F0372 /* Resources */ = {
			isa = PBXResourcesBuildPhase;
			buildActionMask = 2147483647;
			files = (
			);
			runOnlyForDeploymentPostprocessing = 0;
		};
/* End PBXResourcesBuildPhase section */

/* Begin PBXSourcesBuildPhase section */
		822C5F4928CA2C3E005F0372 /* Sources */ = {
			isa = PBXSourcesBuildPhase;
			buildActionMask = 2147483647;
			files = (
				822C5F9528CA31CE005F0372 /* CharacterRowView.swift in Sources */,
				822C5F9028CA31CE005F0372 /* ImageViewModel.swift in Sources */,
				822C5F8E28CA31CE005F0372 /* CharactersViewModel.swift in Sources */,
				822C5F9C28CA31F1005F0372 /* StatusModel.swift in Sources */,
				822C5F9128CA31CE005F0372 /* SeriesDetailView.swift in Sources */,
				822C5F7C28CA2DA6005F0372 /* BaseNetwork.swift in Sources */,
				822C5F9628CA31CE005F0372 /* LoadingView.swift in Sources */,
				822C5F9228CA31CE005F0372 /* SeriesRowView.swift in Sources */,
				822C5F9328CA31CE005F0372 /* RootView.swift in Sources */,
				822C5F9D28CA31F1005F0372 /* MarvelModel.swift in Sources */,
				822C5F9428CA31CE005F0372 /* CharactersView.swift in Sources */,
				822C5F8F28CA31CE005F0372 /* SeriesViewModel.swift in Sources */,
				822C5F5328CA2C3E005F0372 /* ContentView.swift in Sources */,
				822C5F9728CA31CE005F0372 /* ErrorView.swift in Sources */,
				822C5F5128CA2C3E005F0372 /* MarvelCharactersSwiftUIApp.swift in Sources */,
			);
			runOnlyForDeploymentPostprocessing = 0;
		};
		822C5F5928CA2C3F005F0372 /* Sources */ = {
			isa = PBXSourcesBuildPhase;
			buildActionMask = 2147483647;
			files = (
				822C5F6228CA2C3F005F0372 /* MarvelCharactersSwiftUITests.swift in Sources */,
			);
			runOnlyForDeploymentPostprocessing = 0;
		};
		822C5F6328CA2C3F005F0372 /* Sources */ = {
			isa = PBXSourcesBuildPhase;
			buildActionMask = 2147483647;
			files = (
				822C5F6C28CA2C3F005F0372 /* MarvelCharactersSwiftUIUITests.swift in Sources */,
				822C5F6E28CA2C3F005F0372 /* MarvelCharactersSwiftUIUITestsLaunchTests.swift in Sources */,
			);
			runOnlyForDeploymentPostprocessing = 0;
		};
/* End PBXSourcesBuildPhase section */

/* Begin PBXTargetDependency section */
		822C5F5F28CA2C3F005F0372 /* PBXTargetDependency */ = {
			isa = PBXTargetDependency;
			target = 822C5F4C28CA2C3E005F0372 /* MarvelCharactersSwiftUI */;
			targetProxy = 822C5F5E28CA2C3F005F0372 /* PBXContainerItemProxy */;
		};
		822C5F6928CA2C3F005F0372 /* PBXTargetDependency */ = {
			isa = PBXTargetDependency;
			target = 822C5F4C28CA2C3E005F0372 /* MarvelCharactersSwiftUI */;
			targetProxy = 822C5F6828CA2C3F005F0372 /* PBXContainerItemProxy */;
		};
/* End PBXTargetDependency section */

/* Begin XCBuildConfiguration section */
		822C5F6F28CA2C3F005F0372 /* Debug */ = {
			isa = XCBuildConfiguration;
			buildSettings = {
				ALWAYS_SEARCH_USER_PATHS = NO;
				CLANG_ANALYZER_NONNULL = YES;
				CLANG_ANALYZER_NUMBER_OBJECT_CONVERSION = YES_AGGRESSIVE;
				CLANG_CXX_LANGUAGE_STANDARD = "gnu++17";
				CLANG_ENABLE_MODULES = YES;
				CLANG_ENABLE_OBJC_ARC = YES;
				CLANG_ENABLE_OBJC_WEAK = YES;
				CLANG_WARN_BLOCK_CAPTURE_AUTORELEASING = YES;
				CLANG_WARN_BOOL_CONVERSION = YES;
				CLANG_WARN_COMMA = YES;
				CLANG_WARN_CONSTANT_CONVERSION = YES;
				CLANG_WARN_DEPRECATED_OBJC_IMPLEMENTATIONS = YES;
				CLANG_WARN_DIRECT_OBJC_ISA_USAGE = YES_ERROR;
				CLANG_WARN_DOCUMENTATION_COMMENTS = YES;
				CLANG_WARN_EMPTY_BODY = YES;
				CLANG_WARN_ENUM_CONVERSION = YES;
				CLANG_WARN_INFINITE_RECURSION = YES;
				CLANG_WARN_INT_CONVERSION = YES;
				CLANG_WARN_NON_LITERAL_NULL_CONVERSION = YES;
				CLANG_WARN_OBJC_IMPLICIT_RETAIN_SELF = YES;
				CLANG_WARN_OBJC_LITERAL_CONVERSION = YES;
				CLANG_WARN_OBJC_ROOT_CLASS = YES_ERROR;
				CLANG_WARN_QUOTED_INCLUDE_IN_FRAMEWORK_HEADER = YES;
				CLANG_WARN_RANGE_LOOP_ANALYSIS = YES;
				CLANG_WARN_STRICT_PROTOTYPES = YES;
				CLANG_WARN_SUSPICIOUS_MOVE = YES;
				CLANG_WARN_UNGUARDED_AVAILABILITY = YES_AGGRESSIVE;
				CLANG_WARN_UNREACHABLE_CODE = YES;
				CLANG_WARN__DUPLICATE_METHOD_MATCH = YES;
				COPY_PHASE_STRIP = NO;
				DEBUG_INFORMATION_FORMAT = dwarf;
				ENABLE_STRICT_OBJC_MSGSEND = YES;
				ENABLE_TESTABILITY = YES;
				GCC_C_LANGUAGE_STANDARD = gnu11;
				GCC_DYNAMIC_NO_PIC = NO;
				GCC_NO_COMMON_BLOCKS = YES;
				GCC_OPTIMIZATION_LEVEL = 0;
				GCC_PREPROCESSOR_DEFINITIONS = (
					"DEBUG=1",
					"$(inherited)",
				);
				GCC_WARN_64_TO_32_BIT_CONVERSION = YES;
				GCC_WARN_ABOUT_RETURN_TYPE = YES_ERROR;
				GCC_WARN_UNDECLARED_SELECTOR = YES;
				GCC_WARN_UNINITIALIZED_AUTOS = YES_AGGRESSIVE;
				GCC_WARN_UNUSED_FUNCTION = YES;
				GCC_WARN_UNUSED_VARIABLE = YES;
				IPHONEOS_DEPLOYMENT_TARGET = 15.5;
				MTL_ENABLE_DEBUG_INFO = INCLUDE_SOURCE;
				MTL_FAST_MATH = YES;
				ONLY_ACTIVE_ARCH = YES;
				SDKROOT = iphoneos;
				SWIFT_ACTIVE_COMPILATION_CONDITIONS = DEBUG;
				SWIFT_OPTIMIZATION_LEVEL = "-Onone";
			};
			name = Debug;
		};
		822C5F7028CA2C3F005F0372 /* Release */ = {
			isa = XCBuildConfiguration;
			buildSettings = {
				ALWAYS_SEARCH_USER_PATHS = NO;
				CLANG_ANALYZER_NONNULL = YES;
				CLANG_ANALYZER_NUMBER_OBJECT_CONVERSION = YES_AGGRESSIVE;
				CLANG_CXX_LANGUAGE_STANDARD = "gnu++17";
				CLANG_ENABLE_MODULES = YES;
				CLANG_ENABLE_OBJC_ARC = YES;
				CLANG_ENABLE_OBJC_WEAK = YES;
				CLANG_WARN_BLOCK_CAPTURE_AUTORELEASING = YES;
				CLANG_WARN_BOOL_CONVERSION = YES;
				CLANG_WARN_COMMA = YES;
				CLANG_WARN_CONSTANT_CONVERSION = YES;
				CLANG_WARN_DEPRECATED_OBJC_IMPLEMENTATIONS = YES;
				CLANG_WARN_DIRECT_OBJC_ISA_USAGE = YES_ERROR;
				CLANG_WARN_DOCUMENTATION_COMMENTS = YES;
				CLANG_WARN_EMPTY_BODY = YES;
				CLANG_WARN_ENUM_CONVERSION = YES;
				CLANG_WARN_INFINITE_RECURSION = YES;
				CLANG_WARN_INT_CONVERSION = YES;
				CLANG_WARN_NON_LITERAL_NULL_CONVERSION = YES;
				CLANG_WARN_OBJC_IMPLICIT_RETAIN_SELF = YES;
				CLANG_WARN_OBJC_LITERAL_CONVERSION = YES;
				CLANG_WARN_OBJC_ROOT_CLASS = YES_ERROR;
				CLANG_WARN_QUOTED_INCLUDE_IN_FRAMEWORK_HEADER = YES;
				CLANG_WARN_RANGE_LOOP_ANALYSIS = YES;
				CLANG_WARN_STRICT_PROTOTYPES = YES;
				CLANG_WARN_SUSPICIOUS_MOVE = YES;
				CLANG_WARN_UNGUARDED_AVAILABILITY = YES_AGGRESSIVE;
				CLANG_WARN_UNREACHABLE_CODE = YES;
				CLANG_WARN__DUPLICATE_METHOD_MATCH = YES;
				COPY_PHASE_STRIP = NO;
				DEBUG_INFORMATION_FORMAT = "dwarf-with-dsym";
				ENABLE_NS_ASSERTIONS = NO;
				ENABLE_STRICT_OBJC_MSGSEND = YES;
				GCC_C_LANGUAGE_STANDARD = gnu11;
				GCC_NO_COMMON_BLOCKS = YES;
				GCC_WARN_64_TO_32_BIT_CONVERSION = YES;
				GCC_WARN_ABOUT_RETURN_TYPE = YES_ERROR;
				GCC_WARN_UNDECLARED_SELECTOR = YES;
				GCC_WARN_UNINITIALIZED_AUTOS = YES_AGGRESSIVE;
				GCC_WARN_UNUSED_FUNCTION = YES;
				GCC_WARN_UNUSED_VARIABLE = YES;
				IPHONEOS_DEPLOYMENT_TARGET = 15.5;
				MTL_ENABLE_DEBUG_INFO = NO;
				MTL_FAST_MATH = YES;
				SDKROOT = iphoneos;
				SWIFT_COMPILATION_MODE = wholemodule;
				SWIFT_OPTIMIZATION_LEVEL = "-O";
				VALIDATE_PRODUCT = YES;
			};
			name = Release;
		};
		822C5F7228CA2C3F005F0372 /* Debug */ = {
			isa = XCBuildConfiguration;
			buildSettings = {
				ASSETCATALOG_COMPILER_APPICON_NAME = AppIcon;
				ASSETCATALOG_COMPILER_GLOBAL_ACCENT_COLOR_NAME = AccentColor;
				CODE_SIGN_STYLE = Automatic;
				CURRENT_PROJECT_VERSION = 1;
				DEVELOPMENT_ASSET_PATHS = "\"MarvelCharactersSwiftUI/Preview Content\"";
				DEVELOPMENT_TEAM = 2MPX3NCR38;
				ENABLE_PREVIEWS = YES;
				GENERATE_INFOPLIST_FILE = YES;
				INFOPLIST_FILE = MarvelCharactersSwiftUI/Info.plist;
				INFOPLIST_KEY_UIApplicationSceneManifest_Generation = YES;
				INFOPLIST_KEY_UIApplicationSupportsIndirectInputEvents = YES;
				INFOPLIST_KEY_UILaunchScreen_Generation = YES;
				INFOPLIST_KEY_UISupportedInterfaceOrientations_iPad = "UIInterfaceOrientationPortrait UIInterfaceOrientationPortraitUpsideDown UIInterfaceOrientationLandscapeLeft UIInterfaceOrientationLandscapeRight";
				INFOPLIST_KEY_UISupportedInterfaceOrientations_iPhone = "UIInterfaceOrientationPortrait UIInterfaceOrientationLandscapeLeft UIInterfaceOrientationLandscapeRight";
				LD_RUNPATH_SEARCH_PATHS = (
					"$(inherited)",
					"@executable_path/Frameworks",
				);
				MARKETING_VERSION = 1.0;
				PRODUCT_BUNDLE_IDENTIFIER = com.peterdelgado.MarvelCharactersSwiftUI;
				PRODUCT_NAME = "$(TARGET_NAME)";
				SWIFT_EMIT_LOC_STRINGS = YES;
				SWIFT_VERSION = 5.0;
				TARGETED_DEVICE_FAMILY = "1,2";
			};
			name = Debug;
		};
		822C5F7328CA2C3F005F0372 /* Release */ = {
			isa = XCBuildConfiguration;
			buildSettings = {
				ASSETCATALOG_COMPILER_APPICON_NAME = AppIcon;
				ASSETCATALOG_COMPILER_GLOBAL_ACCENT_COLOR_NAME = AccentColor;
				CODE_SIGN_STYLE = Automatic;
				CURRENT_PROJECT_VERSION = 1;
				DEVELOPMENT_ASSET_PATHS = "\"MarvelCharactersSwiftUI/Preview Content\"";
				DEVELOPMENT_TEAM = 2MPX3NCR38;
				ENABLE_PREVIEWS = YES;
				GENERATE_INFOPLIST_FILE = YES;
				INFOPLIST_FILE = MarvelCharactersSwiftUI/Info.plist;
				INFOPLIST_KEY_UIApplicationSceneManifest_Generation = YES;
				INFOPLIST_KEY_UIApplicationSupportsIndirectInputEvents = YES;
				INFOPLIST_KEY_UILaunchScreen_Generation = YES;
				INFOPLIST_KEY_UISupportedInterfaceOrientations_iPad = "UIInterfaceOrientationPortrait UIInterfaceOrientationPortraitUpsideDown UIInterfaceOrientationLandscapeLeft UIInterfaceOrientationLandscapeRight";
				INFOPLIST_KEY_UISupportedInterfaceOrientations_iPhone = "UIInterfaceOrientationPortrait UIInterfaceOrientationLandscapeLeft UIInterfaceOrientationLandscapeRight";
				LD_RUNPATH_SEARCH_PATHS = (
					"$(inherited)",
					"@executable_path/Frameworks",
				);
				MARKETING_VERSION = 1.0;
				PRODUCT_BUNDLE_IDENTIFIER = com.peterdelgado.MarvelCharactersSwiftUI;
				PRODUCT_NAME = "$(TARGET_NAME)";
				SWIFT_EMIT_LOC_STRINGS = YES;
				SWIFT_VERSION = 5.0;
				TARGETED_DEVICE_FAMILY = "1,2";
			};
			name = Release;
		};
		822C5F7528CA2C3F005F0372 /* Debug */ = {
			isa = XCBuildConfiguration;
			buildSettings = {
				ALWAYS_EMBED_SWIFT_STANDARD_LIBRARIES = YES;
				BUNDLE_LOADER = "$(TEST_HOST)";
				CODE_SIGN_STYLE = Automatic;
				CURRENT_PROJECT_VERSION = 1;
				GENERATE_INFOPLIST_FILE = YES;
				IPHONEOS_DEPLOYMENT_TARGET = 15.5;
				MARKETING_VERSION = 1.0;
				PRODUCT_BUNDLE_IDENTIFIER = com.peterdelgado.MarvelCharactersSwiftUITests;
				PRODUCT_NAME = "$(TARGET_NAME)";
				SWIFT_EMIT_LOC_STRINGS = NO;
				SWIFT_VERSION = 5.0;
				TARGETED_DEVICE_FAMILY = "1,2";
				TEST_HOST = "$(BUILT_PRODUCTS_DIR)/MarvelCharactersSwiftUI.app/MarvelCharactersSwiftUI";
			};
			name = Debug;
		};
		822C5F7628CA2C3F005F0372 /* Release */ = {
			isa = XCBuildConfiguration;
			buildSettings = {
				ALWAYS_EMBED_SWIFT_STANDARD_LIBRARIES = YES;
				BUNDLE_LOADER = "$(TEST_HOST)";
				CODE_SIGN_STYLE = Automatic;
				CURRENT_PROJECT_VERSION = 1;
				GENERATE_INFOPLIST_FILE = YES;
				IPHONEOS_DEPLOYMENT_TARGET = 15.5;
				MARKETING_VERSION = 1.0;
				PRODUCT_BUNDLE_IDENTIFIER = com.peterdelgado.MarvelCharactersSwiftUITests;
				PRODUCT_NAME = "$(TARGET_NAME)";
				SWIFT_EMIT_LOC_STRINGS = NO;
				SWIFT_VERSION = 5.0;
				TARGETED_DEVICE_FAMILY = "1,2";
				TEST_HOST = "$(BUILT_PRODUCTS_DIR)/MarvelCharactersSwiftUI.app/MarvelCharactersSwiftUI";
			};
			name = Release;
		};
		822C5F7828CA2C3F005F0372 /* Debug */ = {
			isa = XCBuildConfiguration;
			buildSettings = {
				ALWAYS_EMBED_SWIFT_STANDARD_LIBRARIES = YES;
				CODE_SIGN_STYLE = Automatic;
				CURRENT_PROJECT_VERSION = 1;
				GENERATE_INFOPLIST_FILE = YES;
				MARKETING_VERSION = 1.0;
				PRODUCT_BUNDLE_IDENTIFIER = com.peterdelgado.MarvelCharactersSwiftUIUITests;
				PRODUCT_NAME = "$(TARGET_NAME)";
				SWIFT_EMIT_LOC_STRINGS = NO;
				SWIFT_VERSION = 5.0;
				TARGETED_DEVICE_FAMILY = "1,2";
				TEST_TARGET_NAME = MarvelCharactersSwiftUI;
			};
			name = Debug;
		};
		822C5F7928CA2C3F005F0372 /* Release */ = {
			isa = XCBuildConfiguration;
			buildSettings = {
				ALWAYS_EMBED_SWIFT_STANDARD_LIBRARIES = YES;
				CODE_SIGN_STYLE = Automatic;
				CURRENT_PROJECT_VERSION = 1;
				GENERATE_INFOPLIST_FILE = YES;
				MARKETING_VERSION = 1.0;
				PRODUCT_BUNDLE_IDENTIFIER = com.peterdelgado.MarvelCharactersSwiftUIUITests;
				PRODUCT_NAME = "$(TARGET_NAME)";
				SWIFT_EMIT_LOC_STRINGS = NO;
				SWIFT_VERSION = 5.0;
				TARGETED_DEVICE_FAMILY = "1,2";
				TEST_TARGET_NAME = MarvelCharactersSwiftUI;
			};
			name = Release;
		};
/* End XCBuildConfiguration section */

/* Begin XCConfigurationList section */
		822C5F4828CA2C3E005F0372 /* Build configuration list for PBXProject "MarvelCharactersSwiftUI" */ = {
			isa = XCConfigurationList;
			buildConfigurations = (
				822C5F6F28CA2C3F005F0372 /* Debug */,
				822C5F7028CA2C3F005F0372 /* Release */,
			);
			defaultConfigurationIsVisible = 0;
			defaultConfigurationName = Release;
		};
		822C5F7128CA2C3F005F0372 /* Build configuration list for PBXNativeTarget "MarvelCharactersSwiftUI" */ = {
			isa = XCConfigurationList;
			buildConfigurations = (
				822C5F7228CA2C3F005F0372 /* Debug */,
				822C5F7328CA2C3F005F0372 /* Release */,
			);
			defaultConfigurationIsVisible = 0;
			defaultConfigurationName = Release;
		};
		822C5F7428CA2C3F005F0372 /* Build configuration list for PBXNativeTarget "MarvelCharactersSwiftUITests" */ = {
			isa = XCConfigurationList;
			buildConfigurations = (
				822C5F7528CA2C3F005F0372 /* Debug */,
				822C5F7628CA2C3F005F0372 /* Release */,
			);
			defaultConfigurationIsVisible = 0;
			defaultConfigurationName = Release;
		};
		822C5F7728CA2C3F005F0372 /* Build configuration list for PBXNativeTarget "MarvelCharactersSwiftUIUITests" */ = {
			isa = XCConfigurationList;
			buildConfigurations = (
				822C5F7828CA2C3F005F0372 /* Debug */,
				822C5F7928CA2C3F005F0372 /* Release */,
			);
			defaultConfigurationIsVisible = 0;
			defaultConfigurationName = Release;
		};
/* End XCConfigurationList section */

/* Begin XCRemoteSwiftPackageReference section */
		827091DF28CF4D2700F0A908 /* XCRemoteSwiftPackageReference "Kingfisher" */ = {
			isa = XCRemoteSwiftPackageReference;
			repositoryURL = "https://github.com/onevcat/Kingfisher.git";
			requirement = {
				kind = upToNextMajorVersion;
				minimumVersion = 7.0.0;
			};
		};
/* End XCRemoteSwiftPackageReference section */

/* Begin XCSwiftPackageProductDependency section */
		827091E028CF4D2700F0A908 /* Kingfisher */ = {
			isa = XCSwiftPackageProductDependency;
			package = 827091DF28CF4D2700F0A908 /* XCRemoteSwiftPackageReference "Kingfisher" */;
			productName = Kingfisher;
		};
/* End XCSwiftPackageProductDependency section */
	};
	rootObject = 822C5F4528CA2C3E005F0372 /* Project object */;
}
